# This file is autogenerated, do not edit; changes may be undone by the next 'dep ensure'.


[[projects]]
  digest = "1:2e894e12fcf61c7b2f03fb3c1eb433f60457549cf385f05afd3a72e022dac0d1"
  name = "github.com/piquette/finance-go"
  packages = [
    ".",
    "form",
    "iter",
    "quote",
  ]
  pruneopts = "UT"
  revision = "4c9b6de5f7bb994ad6be825add9d94c7fa1fd7dd"
  version = "v1.0.0"

[[projects]]
  digest = "1:ae3c4c486b4de2c71f6e1b9e53d125d13c80aaecc549e9a93342e8274ec761f4"
  name = "github.com/shopspring/decimal"
  packages = ["."]
  pruneopts = "UT"
  revision = "2568a29459476f824f35433dfbef158d6ad8618c"
  version = "v1.2.0"

[solve-meta]
  analyzer-name = "dep"
  analyzer-version = 1
  input-imports = ["github.com/piquette/finance-go/quote"]
  solver-name = "gps-cdcl"
  solver-version = 1
